
Microsoft Visual Studio Solution File, Format Version 12.00
# Visual Studio Version 16
VisualStudioVersion = 16.0.31515.178
MinimumVisualStudioVersion = 10.0.40219.1
Project("{FAE04EC0-301F-11D3-BF4B-00C04F79EFBC}") = "School_Project", "School_Project\School_Project.csproj", "{A5202F93-1DB7-437C-A6F3-357879070044}"
EndProject
Global
	GlobalSection(SolutionConfigurationPlatforms) = preSolution
		Debug|Any CPU = Debug|Any CPU
		Release|Any CPU = Release|Any CPU
	EndGlobalSection
	GlobalSection(ProjectConfigurationPlatforms) = postSolution
		{A5202F93-1DB7-437C-A6F3-357879070044}.Debug|Any CPU.ActiveCfg = Debug|Any CPU
		{A5202F93-1DB7-437C-A6F3-357879070044}.Debug|Any CPU.Build.0 = Debug|Any CPU
		{A5202F93-1DB7-437C-A6F3-357879070044}.Release|Any CPU.ActiveCfg = Release|Any CPU
		{A5202F93-1DB7-437C-A6F3-357879070044}.Release|Any CPU.Build.0 = Release|Any CPU
	EndGlobalSection
	GlobalSection(SolutionProperties) = preSolution
		HideSolutionNode = FALSE
	EndGlobalSection
	GlobalSection(ExtensibilityGlobals) = postSolution
		SolutionGuid = {E5C49B69-9BA8-4D9B-86C5-37C1B200F505}
	EndGlobalSection
EndGlobal
